
Microsoft Visual Studio Solution File, Format Version 12.00
# Visual Studio 15
VisualStudioVersion = 15.0.28307.271
MinimumVisualStudioVersion = 10.0.40219.1
Project("{FAE04EC0-301F-11D3-BF4B-00C04F79EFBC}") = "CoreProxy", "CoreProxy\CoreProxy.csproj", "{2FBF05F3-1922-4F05-8D2B-0CCB1D5123DB}"
EndProject
Global
	GlobalSection(SolutionConfigurationPlatforms) = preSolution
		Debug|Any CPU = Debug|Any CPU
		Release|Any CPU = Release|Any CPU
	EndGlobalSection
	GlobalSection(ProjectConfigurationPlatforms) = postSolution
		{2FBF05F3-1922-4F05-8D2B-0CCB1D5123DB}.Debug|Any CPU.ActiveCfg = Debug|Any CPU
		{2FBF05F3-1922-4F05-8D2B-0CCB1D5123DB}.Debug|Any CPU.Build.0 = Debug|Any CPU
		{2FBF05F3-1922-4F05-8D2B-0CCB1D5123DB}.Release|Any CPU.ActiveCfg = Release|Any CPU
		{2FBF05F3-1922-4F05-8D2B-0CCB1D5123DB}.Release|Any CPU.Build.0 = Release|Any CPU
	EndGlobalSection
	GlobalSection(SolutionProperties) = preSolution
		HideSolutionNode = FALSE
	EndGlobalSection
	GlobalSection(ExtensibilityGlobals) = postSolution
		SolutionGuid = {2E6AE5BA-AE7E-47DD-B9A7-97E32585FC2F}
	EndGlobalSection
EndGlobal
